
Microsoft Visual Studio Solution File, Format Version 12.00
# Visual Studio Version 16
VisualStudioVersion = 16.0.30804.86
MinimumVisualStudioVersion = 10.0.40219.1
Project("{FAE04EC0-301F-11D3-BF4B-00C04F79EFBC}") = "WebShop", "WebShop.csproj", "{D514C77A-227A-40C4-B5C8-464A48CB9937}"
EndProject
Project("{FAE04EC0-301F-11D3-BF4B-00C04F79EFBC}") = "WebShop.Tests", "..\WebShop.Tests\WebShop.Tests.csproj", "{0AA533B5-7AC9-4EFB-BC61-3DCDBE463AB9}"
EndProject
Global
	GlobalSection(SolutionConfigurationPlatforms) = preSolution
		Debug|Any CPU = Debug|Any CPU
		Release|Any CPU = Release|Any CPU
	EndGlobalSection
	GlobalSection(ProjectConfigurationPlatforms) = postSolution
		{D514C77A-227A-40C4-B5C8-464A48CB9937}.Debug|Any CPU.ActiveCfg = Debug|Any CPU
		{D514C77A-227A-40C4-B5C8-464A48CB9937}.Debug|Any CPU.Build.0 = Debug|Any CPU
		{D514C77A-227A-40C4-B5C8-464A48CB9937}.Release|Any CPU.ActiveCfg = Release|Any CPU
		{D514C77A-227A-40C4-B5C8-464A48CB9937}.Release|Any CPU.Build.0 = Release|Any CPU
		{0AA533B5-7AC9-4EFB-BC61-3DCDBE463AB9}.Debug|Any CPU.ActiveCfg = Debug|Any CPU
		{0AA533B5-7AC9-4EFB-BC61-3DCDBE463AB9}.Debug|Any CPU.Build.0 = Debug|Any CPU
		{0AA533B5-7AC9-4EFB-BC61-3DCDBE463AB9}.Release|Any CPU.ActiveCfg = Release|Any CPU
		{0AA533B5-7AC9-4EFB-BC61-3DCDBE463AB9}.Release|Any CPU.Build.0 = Release|Any CPU
	EndGlobalSection
	GlobalSection(SolutionProperties) = preSolution
		HideSolutionNode = FALSE
	EndGlobalSection
	GlobalSection(ExtensibilityGlobals) = postSolution
		SolutionGuid = {DFFED507-62BE-463F-B6E4-B665CD065F18}
	EndGlobalSection
EndGlobal
